
Microsoft Visual Studio Solution File, Format Version 12.00
# Visual Studio Version 17
VisualStudioVersion = 17.3.32929.385
MinimumVisualStudioVersion = 10.0.40219.1
Project("{9A19103F-16F7-4668-BE54-9A1E7A4F7556}") = "oevning-1", "oevning-1\oevning-1.csproj", "{217FFB83-9D5C-426D-9289-33D5D48CB035}"
EndProject
Project("{9A19103F-16F7-4668-BE54-9A1E7A4F7556}") = "oevning-2", "oevning-2\oevning-2.csproj", "{A9845EC9-F891-4FCE-BC60-A5A7133BA3F3}"
EndProject
Project("{9A19103F-16F7-4668-BE54-9A1E7A4F7556}") = "oevning-3", "oevning-3\oevning-3.csproj", "{8863553F-5310-4D94-83AF-24B80AD5DF82}"
EndProject
Project("{9A19103F-16F7-4668-BE54-9A1E7A4F7556}") = "oevning-4", "oevning-4\oevning-4.csproj", "{4670CB88-A080-45BE-8A43-81A455263D1E}"
EndProject
Project("{9A19103F-16F7-4668-BE54-9A1E7A4F7556}") = "oevning-5", "oevning-5\oevning-5.csproj", "{0DA4FDE3-ED72-48CF-94B1-AECB937F9A2C}"
EndProject
Project("{FAE04EC0-301F-11D3-BF4B-00C04F79EFBC}") = "test-oevning-5", "test-oevning-5\test-oevning-5.csproj", "{1611D2D2-308F-4C50-A5B3-4D7BA9F9D079}"
EndProject
Global
	GlobalSection(SolutionConfigurationPlatforms) = preSolution
		Debug|Any CPU = Debug|Any CPU
		Release|Any CPU = Release|Any CPU
	EndGlobalSection
	GlobalSection(ProjectConfigurationPlatforms) = postSolution
		{217FFB83-9D5C-426D-9289-33D5D48CB035}.Debug|Any CPU.ActiveCfg = Debug|Any CPU
		{217FFB83-9D5C-426D-9289-33D5D48CB035}.Debug|Any CPU.Build.0 = Debug|Any CPU
		{217FFB83-9D5C-426D-9289-33D5D48CB035}.Release|Any CPU.ActiveCfg = Release|Any CPU
		{217FFB83-9D5C-426D-9289-33D5D48CB035}.Release|Any CPU.Build.0 = Release|Any CPU
		{A9845EC9-F891-4FCE-BC60-A5A7133BA3F3}.Debug|Any CPU.ActiveCfg = Debug|Any CPU
		{A9845EC9-F891-4FCE-BC60-A5A7133BA3F3}.Debug|Any CPU.Build.0 = Debug|Any CPU
		{A9845EC9-F891-4FCE-BC60-A5A7133BA3F3}.Release|Any CPU.ActiveCfg = Release|Any CPU
		{A9845EC9-F891-4FCE-BC60-A5A7133BA3F3}.Release|Any CPU.Build.0 = Release|Any CPU
		{8863553F-5310-4D94-83AF-24B80AD5DF82}.Debug|Any CPU.ActiveCfg = Debug|Any CPU
		{8863553F-5310-4D94-83AF-24B80AD5DF82}.Debug|Any CPU.Build.0 = Debug|Any CPU
		{8863553F-5310-4D94-83AF-24B80AD5DF82}.Release|Any CPU.ActiveCfg = Release|Any CPU
		{8863553F-5310-4D94-83AF-24B80AD5DF82}.Release|Any CPU.Build.0 = Release|Any CPU
		{4670CB88-A080-45BE-8A43-81A455263D1E}.Debug|Any CPU.ActiveCfg = Debug|Any CPU
		{4670CB88-A080-45BE-8A43-81A455263D1E}.Debug|Any CPU.Build.0 = Debug|Any CPU
		{4670CB88-A080-45BE-8A43-81A455263D1E}.Release|Any CPU.ActiveCfg = Release|Any CPU
		{4670CB88-A080-45BE-8A43-81A455263D1E}.Release|Any CPU.Build.0 = Release|Any CPU
		{0DA4FDE3-ED72-48CF-94B1-AECB937F9A2C}.Debug|Any CPU.ActiveCfg = Debug|Any CPU
		{0DA4FDE3-ED72-48CF-94B1-AECB937F9A2C}.Debug|Any CPU.Build.0 = Debug|Any CPU
		{0DA4FDE3-ED72-48CF-94B1-AECB937F9A2C}.Release|Any CPU.ActiveCfg = Release|Any CPU
		{0DA4FDE3-ED72-48CF-94B1-AECB937F9A2C}.Release|Any CPU.Build.0 = Release|Any CPU
		{1611D2D2-308F-4C50-A5B3-4D7BA9F9D079}.Debug|Any CPU.ActiveCfg = Debug|Any CPU
		{1611D2D2-308F-4C50-A5B3-4D7BA9F9D079}.Debug|Any CPU.Build.0 = Debug|Any CPU
		{1611D2D2-308F-4C50-A5B3-4D7BA9F9D079}.Release|Any CPU.ActiveCfg = Release|Any CPU
		{1611D2D2-308F-4C50-A5B3-4D7BA9F9D079}.Release|Any CPU.Build.0 = Release|Any CPU
	EndGlobalSection
	GlobalSection(SolutionProperties) = preSolution
		HideSolutionNode = FALSE
	EndGlobalSection
	GlobalSection(ExtensibilityGlobals) = postSolution
		SolutionGuid = {683C2AA6-0D92-40E2-9848-21ACA5AADE61}
	EndGlobalSection
EndGlobal
